
Microsoft Visual Studio Solution File, Format Version 12.00
# Visual Studio Version 16
VisualStudioVersion = 16.0.30309.148
MinimumVisualStudioVersion = 10.0.40219.1
Project("{FAE04EC0-301F-11D3-BF4B-00C04F79EFBC}") = "SmartHomeGateway", "SmartHomeGateway\SmartHomeGateway.csproj", "{6EE543D8-6491-4A07-B778-89DC43A94F84}"
EndProject
Project("{FAE04EC0-301F-11D3-BF4B-00C04F79EFBC}") = "SmartHome.Domain", "src\SmartHome.Domain\SmartHome.Domain.csproj", "{572FD810-E26D-4047-A2E6-282A55E8A9B0}"
EndProject
Project("{FAE04EC0-301F-11D3-BF4B-00C04F79EFBC}") = "SmartHome.Application", "SmartHome.Application\SmartHome.Application.csproj", "{4C2AF29A-0395-45AA-90B5-DC8E0E80D7E2}"
EndProject
Global
	GlobalSection(SolutionConfigurationPlatforms) = preSolution
		Debug|Any CPU = Debug|Any CPU
		Release|Any CPU = Release|Any CPU
	EndGlobalSection
	GlobalSection(ProjectConfigurationPlatforms) = postSolution
		{6EE543D8-6491-4A07-B778-89DC43A94F84}.Debug|Any CPU.ActiveCfg = Debug|Any CPU
		{6EE543D8-6491-4A07-B778-89DC43A94F84}.Debug|Any CPU.Build.0 = Debug|Any CPU
		{6EE543D8-6491-4A07-B778-89DC43A94F84}.Release|Any CPU.ActiveCfg = Release|Any CPU
		{6EE543D8-6491-4A07-B778-89DC43A94F84}.Release|Any CPU.Build.0 = Release|Any CPU
		{572FD810-E26D-4047-A2E6-282A55E8A9B0}.Debug|Any CPU.ActiveCfg = Debug|Any CPU
		{572FD810-E26D-4047-A2E6-282A55E8A9B0}.Debug|Any CPU.Build.0 = Debug|Any CPU
		{572FD810-E26D-4047-A2E6-282A55E8A9B0}.Release|Any CPU.ActiveCfg = Release|Any CPU
		{572FD810-E26D-4047-A2E6-282A55E8A9B0}.Release|Any CPU.Build.0 = Release|Any CPU
		{4C2AF29A-0395-45AA-90B5-DC8E0E80D7E2}.Debug|Any CPU.ActiveCfg = Debug|Any CPU
		{4C2AF29A-0395-45AA-90B5-DC8E0E80D7E2}.Debug|Any CPU.Build.0 = Debug|Any CPU
		{4C2AF29A-0395-45AA-90B5-DC8E0E80D7E2}.Release|Any CPU.ActiveCfg = Release|Any CPU
		{4C2AF29A-0395-45AA-90B5-DC8E0E80D7E2}.Release|Any CPU.Build.0 = Release|Any CPU
	EndGlobalSection
	GlobalSection(SolutionProperties) = preSolution
		HideSolutionNode = FALSE
	EndGlobalSection
	GlobalSection(ExtensibilityGlobals) = postSolution
		SolutionGuid = {298FB3AA-A475-4DA6-A0D6-D9BE08C97A91}
	EndGlobalSection
EndGlobal
